// !$*UTF8*$!
{
	archiveVersion = 1;
	classes = {
	};
	objectVersion = 56;
	objects = {

/* Begin PBXBuildFile section */
		EC68AFBD295F05390007AC96 /* SearchViewModel.swift in Sources */ = {isa = PBXBuildFile; fileRef = EC68AFBC295F05390007AC96 /* SearchViewModel.swift */; };
		ECD3ADEA295EFB150051647A /* BusinessListApp.swift in Sources */ = {isa = PBXBuildFile; fileRef = ECD3ADE9295EFB150051647A /* BusinessListApp.swift */; };
		ECD3ADEC295EFB150051647A /* SearchView.swift in Sources */ = {isa = PBXBuildFile; fileRef = ECD3ADEB295EFB150051647A /* SearchView.swift */; };
		ECD3ADEE295EFB180051647A /* Assets.xcassets in Resources */ = {isa = PBXBuildFile; fileRef = ECD3ADED295EFB180051647A /* Assets.xcassets */; };
		ECD3ADF2295EFB180051647A /* Preview Assets.xcassets in Resources */ = {isa = PBXBuildFile; fileRef = ECD3ADF1295EFB180051647A /* Preview Assets.xcassets */; };
		ECEFDE50296422A1007507CA /* BusinessListDesignSystem in Frameworks */ = {isa = PBXBuildFile; productRef = ECEFDE4F296422A1007507CA /* BusinessListDesignSystem */; };
		ECEFDE5229652443007507CA /* BusinessListData in Frameworks */ = {isa = PBXBuildFile; productRef = ECEFDE5129652443007507CA /* BusinessListData */; };
		ECEFDE5A2967582D007507CA /* SearchViewModelTests.swift in Sources */ = {isa = PBXBuildFile; fileRef = ECEFDE592967582D007507CA /* SearchViewModelTests.swift */; };
		ECEFDE682967BA77007507CA /* DetailViewModel.swift in Sources */ = {isa = PBXBuildFile; fileRef = ECEFDE672967BA77007507CA /* DetailViewModel.swift */; };
		ECEFDE6A2967BA93007507CA /* DetailView.swift in Sources */ = {isa = PBXBuildFile; fileRef = ECEFDE692967BA93007507CA /* DetailView.swift */; };
/* End PBXBuildFile section */

/* Begin PBXContainerItemProxy section */
		ECEFDE5B2967582D007507CA /* PBXContainerItemProxy */ = {
			isa = PBXContainerItemProxy;
			containerPortal = ECD3ADDE295EFB150051647A /* Project object */;
			proxyType = 1;
			remoteGlobalIDString = ECD3ADE5295EFB150051647A;
			remoteInfo = BusinessList;
		};
/* End PBXContainerItemProxy section */

/* Begin PBXFileReference section */
		EC68AFBC295F05390007AC96 /* SearchViewModel.swift */ = {isa = PBXFileReference; lastKnownFileType = sourcecode.swift; path = SearchViewModel.swift; sourceTree = "<group>"; };
		ECD3ADE6295EFB150051647A /* BusinessList.app */ = {isa = PBXFileReference; explicitFileType = wrapper.application; includeInIndex = 0; path = BusinessList.app; sourceTree = BUILT_PRODUCTS_DIR; };
		ECD3ADE9295EFB150051647A /* BusinessListApp.swift */ = {isa = PBXFileReference; lastKnownFileType = sourcecode.swift; path = BusinessListApp.swift; sourceTree = "<group>"; };
		ECD3ADEB295EFB150051647A /* SearchView.swift */ = {isa = PBXFileReference; lastKnownFileType = sourcecode.swift; path = SearchView.swift; sourceTree = "<group>"; };
		ECD3ADED295EFB180051647A /* Assets.xcassets */ = {isa = PBXFileReference; lastKnownFileType = folder.assetcatalog; path = Assets.xcassets; sourceTree = "<group>"; };
		ECD3ADEF295EFB180051647A /* BusinessList.entitlements */ = {isa = PBXFileReference; lastKnownFileType = text.plist.entitlements; path = BusinessList.entitlements; sourceTree = "<group>"; };
		ECD3ADF1295EFB180051647A /* Preview Assets.xcassets */ = {isa = PBXFileReference; lastKnownFileType = folder.assetcatalog; path = "Preview Assets.xcassets"; sourceTree = "<group>"; };
		ECEFDE572967582D007507CA /* BusinessListTests.xctest */ = {isa = PBXFileReference; explicitFileType = wrapper.cfbundle; includeInIndex = 0; path = BusinessListTests.xctest; sourceTree = BUILT_PRODUCTS_DIR; };
		ECEFDE592967582D007507CA /* SearchViewModelTests.swift */ = {isa = PBXFileReference; lastKnownFileType = sourcecode.swift; path = SearchViewModelTests.swift; sourceTree = "<group>"; };
		ECEFDE672967BA77007507CA /* DetailViewModel.swift */ = {isa = PBXFileReference; lastKnownFileType = sourcecode.swift; path = DetailViewModel.swift; sourceTree = "<group>"; };
		ECEFDE692967BA93007507CA /* DetailView.swift */ = {isa = PBXFileReference; lastKnownFileType = sourcecode.swift; path = DetailView.swift; sourceTree = "<group>"; };
/* End PBXFileReference section */

/* Begin PBXFrameworksBuildPhase section */
		ECD3ADE3295EFB150051647A /* Frameworks */ = {
			isa = PBXFrameworksBuildPhase;
			buildActionMask = 2147483647;
			files = (
				ECEFDE5229652443007507CA /* BusinessListData in Frameworks */,
				ECEFDE50296422A1007507CA /* BusinessListDesignSystem in Frameworks */,
			);
			runOnlyForDeploymentPostprocessing = 0;
		};
		ECEFDE542967582D007507CA /* Frameworks */ = {
			isa = PBXFrameworksBuildPhase;
			buildActionMask = 2147483647;
			files = (
			);
			runOnlyForDeploymentPostprocessing = 0;
		};
/* End PBXFrameworksBuildPhase section */

/* Begin PBXGroup section */
		ECB57A73295F000B00A50A2C /* Search */ = {
			isa = PBXGroup;
			children = (
				ECB57A76295F002000A50A2C /* View */,
				ECB57A74295F001400A50A2C /* ViewModel */,
			);
			path = Search;
			sourceTree = "<group>";
		};
		ECB57A74295F001400A50A2C /* ViewModel */ = {
			isa = PBXGroup;
			children = (
				EC68AFBC295F05390007AC96 /* SearchViewModel.swift */,
			);
			path = ViewModel;
			sourceTree = "<group>";
		};
		ECB57A76295F002000A50A2C /* View */ = {
			isa = PBXGroup;
			children = (
				ECD3ADEB295EFB150051647A /* SearchView.swift */,
			);
			path = View;
			sourceTree = "<group>";
		};
		ECB57A77295F002600A50A2C /* Common */ = {
			isa = PBXGroup;
			children = (
				ECB57A79295F003F00A50A2C /* Resource */,
				ECB57A78295F002B00A50A2C /* Base */,
			);
			path = Common;
			sourceTree = "<group>";
		};
		ECB57A78295F002B00A50A2C /* Base */ = {
			isa = PBXGroup;
			children = (
				ECD3ADEF295EFB180051647A /* BusinessList.entitlements */,
				ECD3ADE9295EFB150051647A /* BusinessListApp.swift */,
			);
			path = Base;
			sourceTree = "<group>";
		};
		ECB57A79295F003F00A50A2C /* Resource */ = {
			isa = PBXGroup;
			children = (
				ECD3ADED295EFB180051647A /* Assets.xcassets */,
			);
			path = Resource;
			sourceTree = "<group>";
		};
		ECD3ADDD295EFB150051647A = {
			isa = PBXGroup;
			children = (
				ECD3ADE8295EFB150051647A /* BusinessList */,
				ECEFDE582967582D007507CA /* BusinessListTests */,
				ECD3ADE7295EFB150051647A /* Products */,
				ECEFDE4E296422A1007507CA /* Frameworks */,
			);
			sourceTree = "<group>";
		};
		ECD3ADE7295EFB150051647A /* Products */ = {
			isa = PBXGroup;
			children = (
				ECD3ADE6295EFB150051647A /* BusinessList.app */,
				ECEFDE572967582D007507CA /* BusinessListTests.xctest */,
			);
			name = Products;
			sourceTree = "<group>";
		};
		ECD3ADE8295EFB150051647A /* BusinessList */ = {
			isa = PBXGroup;
			children = (
				ECEFDE642967B40F007507CA /* Feature */,
				ECB57A77295F002600A50A2C /* Common */,
				ECD3ADF0295EFB180051647A /* Preview Content */,
			);
			path = BusinessList;
			sourceTree = "<group>";
		};
		ECD3ADF0295EFB180051647A /* Preview Content */ = {
			isa = PBXGroup;
			children = (
				ECD3ADF1295EFB180051647A /* Preview Assets.xcassets */,
			);
			path = "Preview Content";
			sourceTree = "<group>";
		};
		ECEFDE4E296422A1007507CA /* Frameworks */ = {
			isa = PBXGroup;
			children = (
			);
			name = Frameworks;
			sourceTree = "<group>";
		};
		ECEFDE582967582D007507CA /* BusinessListTests */ = {
			isa = PBXGroup;
			children = (
				ECEFDE592967582D007507CA /* SearchViewModelTests.swift */,
			);
			path = BusinessListTests;
			sourceTree = "<group>";
		};
		ECEFDE632967B404007507CA /* Detail */ = {
			isa = PBXGroup;
			children = (
				ECEFDE662967BA6B007507CA /* ViewModel */,
				ECEFDE652967BA66007507CA /* View */,
			);
			path = Detail;
			sourceTree = "<group>";
		};
		ECEFDE642967B40F007507CA /* Feature */ = {
			isa = PBXGroup;
			children = (
				ECEFDE632967B404007507CA /* Detail */,
				ECB57A73295F000B00A50A2C /* Search */,
			);
			path = Feature;
			sourceTree = "<group>";
		};
		ECEFDE652967BA66007507CA /* View */ = {
			isa = PBXGroup;
			children = (
				ECEFDE692967BA93007507CA /* DetailView.swift */,
			);
			path = View;
			sourceTree = "<group>";
		};
		ECEFDE662967BA6B007507CA /* ViewModel */ = {
			isa = PBXGroup;
			children = (
				ECEFDE672967BA77007507CA /* DetailViewModel.swift */,
			);
			path = ViewModel;
			sourceTree = "<group>";
		};
/* End PBXGroup section */

/* Begin PBXNativeTarget section */
		ECD3ADE5295EFB150051647A /* BusinessList */ = {
			isa = PBXNativeTarget;
			buildConfigurationList = ECD3ADF5295EFB180051647A /* Build configuration list for PBXNativeTarget "BusinessList" */;
			buildPhases = (
				ECD3ADE2295EFB150051647A /* Sources */,
				ECD3ADE3295EFB150051647A /* Frameworks */,
				ECD3ADE4295EFB150051647A /* Resources */,
			);
			buildRules = (
			);
			dependencies = (
			);
			name = BusinessList;
			packageProductDependencies = (
				ECEFDE4F296422A1007507CA /* BusinessListDesignSystem */,
				ECEFDE5129652443007507CA /* BusinessListData */,
			);
			productName = BusinessList;
			productReference = ECD3ADE6295EFB150051647A /* BusinessList.app */;
			productType = "com.apple.product-type.application";
		};
		ECEFDE562967582D007507CA /* BusinessListTests */ = {
			isa = PBXNativeTarget;
			buildConfigurationList = ECEFDE5D2967582D007507CA /* Build configuration list for PBXNativeTarget "BusinessListTests" */;
			buildPhases = (
				ECEFDE532967582D007507CA /* Sources */,
				ECEFDE542967582D007507CA /* Frameworks */,
				ECEFDE552967582D007507CA /* Resources */,
			);
			buildRules = (
			);
			dependencies = (
				ECEFDE5C2967582D007507CA /* PBXTargetDependency */,
			);
			name = BusinessListTests;
			productName = SearchViewModelTests;
			productReference = ECEFDE572967582D007507CA /* BusinessListTests.xctest */;
			productType = "com.apple.product-type.bundle.unit-test";
		};
/* End PBXNativeTarget section */

/* Begin PBXProject section */
		ECD3ADDE295EFB150051647A /* Project object */ = {
			isa = PBXProject;
			attributes = {
				BuildIndependentTargetsInParallel = 1;
				LastSwiftUpdateCheck = 1400;
				LastUpgradeCheck = 1400;
				TargetAttributes = {
					ECD3ADE5295EFB150051647A = {
						CreatedOnToolsVersion = 14.0.1;
					};
					ECEFDE562967582D007507CA = {
						CreatedOnToolsVersion = 14.0.1;
						TestTargetID = ECD3ADE5295EFB150051647A;
					};
				};
			};
			buildConfigurationList = ECD3ADE1295EFB150051647A /* Build configuration list for PBXProject "BusinessList" */;
			compatibilityVersion = "Xcode 14.0";
			developmentRegion = en;
			hasScannedForEncodings = 0;
			knownRegions = (
				en,
				Base,
			);
			mainGroup = ECD3ADDD295EFB150051647A;
			productRefGroup = ECD3ADE7295EFB150051647A /* Products */;
			projectDirPath = "";
			projectRoot = "";
			targets = (
				ECD3ADE5295EFB150051647A /* BusinessList */,
				ECEFDE562967582D007507CA /* BusinessListTests */,
			);
		};
/* End PBXProject section */

/* Begin PBXResourcesBuildPhase section */
		ECD3ADE4295EFB150051647A /* Resources */ = {
			isa = PBXResourcesBuildPhase;
			buildActionMask = 2147483647;
			files = (
				ECD3ADF2295EFB180051647A /* Preview Assets.xcassets in Resources */,
				ECD3ADEE295EFB180051647A /* Assets.xcassets in Resources */,
			);
			runOnlyForDeploymentPostprocessing = 0;
		};
		ECEFDE552967582D007507CA /* Resources */ = {
			isa = PBXResourcesBuildPhase;
			buildActionMask = 2147483647;
			files = (
			);
			runOnlyForDeploymentPostprocessing = 0;
		};
/* End PBXResourcesBuildPhase section */

/* Begin PBXSourcesBuildPhase section */
		ECD3ADE2295EFB150051647A /* Sources */ = {
			isa = PBXSourcesBuildPhase;
			buildActionMask = 2147483647;
			files = (
				ECD3ADEC295EFB150051647A /* SearchView.swift in Sources */,
				EC68AFBD295F05390007AC96 /* SearchViewModel.swift in Sources */,
				ECD3ADEA295EFB150051647A /* BusinessListApp.swift in Sources */,
				ECEFDE6A2967BA93007507CA /* DetailView.swift in Sources */,
				ECEFDE682967BA77007507CA /* DetailViewModel.swift in Sources */,
			);
			runOnlyForDeploymentPostprocessing = 0;
		};
		ECEFDE532967582D007507CA /* Sources */ = {
			isa = PBXSourcesBuildPhase;
			buildActionMask = 2147483647;
			files = (
				ECEFDE5A2967582D007507CA /* SearchViewModelTests.swift in Sources */,
			);
			runOnlyForDeploymentPostprocessing = 0;
		};
/* End PBXSourcesBuildPhase section */

/* Begin PBXTargetDependency section */
		ECEFDE5C2967582D007507CA /* PBXTargetDependency */ = {
			isa = PBXTargetDependency;
			target = ECD3ADE5295EFB150051647A /* BusinessList */;
			targetProxy = ECEFDE5B2967582D007507CA /* PBXContainerItemProxy */;
		};
/* End PBXTargetDependency section */

/* Begin XCBuildConfiguration section */
		ECD3ADF3295EFB180051647A /* Debug */ = {
			isa = XCBuildConfiguration;
			buildSettings = {
				ALWAYS_SEARCH_USER_PATHS = NO;
				CLANG_ANALYZER_NONNULL = YES;
				CLANG_ANALYZER_NUMBER_OBJECT_CONVERSION = YES_AGGRESSIVE;
				CLANG_CXX_LANGUAGE_STANDARD = "gnu++20";
				CLANG_ENABLE_MODULES = YES;
				CLANG_ENABLE_OBJC_ARC = YES;
				CLANG_ENABLE_OBJC_WEAK = YES;
				CLANG_WARN_BLOCK_CAPTURE_AUTORELEASING = YES;
				CLANG_WARN_BOOL_CONVERSION = YES;
				CLANG_WARN_COMMA = YES;
				CLANG_WARN_CONSTANT_CONVERSION = YES;
				CLANG_WARN_DEPRECATED_OBJC_IMPLEMENTATIONS = YES;
				CLANG_WARN_DIRECT_OBJC_ISA_USAGE = YES_ERROR;
				CLANG_WARN_DOCUMENTATION_COMMENTS = YES;
				CLANG_WARN_EMPTY_BODY = YES;
				CLANG_WARN_ENUM_CONVERSION = YES;
				CLANG_WARN_INFINITE_RECURSION = YES;
				CLANG_WARN_INT_CONVERSION = YES;
				CLANG_WARN_NON_LITERAL_NULL_CONVERSION = YES;
				CLANG_WARN_OBJC_IMPLICIT_RETAIN_SELF = YES;
				CLANG_WARN_OBJC_LITERAL_CONVERSION = YES;
				CLANG_WARN_OBJC_ROOT_CLASS = YES_ERROR;
				CLANG_WARN_QUOTED_INCLUDE_IN_FRAMEWORK_HEADER = YES;
				CLANG_WARN_RANGE_LOOP_ANALYSIS = YES;
				CLANG_WARN_STRICT_PROTOTYPES = YES;
				CLANG_WARN_SUSPICIOUS_MOVE = YES;
				CLANG_WARN_UNGUARDED_AVAILABILITY = YES_AGGRESSIVE;
				CLANG_WARN_UNREACHABLE_CODE = YES;
				CLANG_WARN__DUPLICATE_METHOD_MATCH = YES;
				COPY_PHASE_STRIP = NO;
				DEBUG_INFORMATION_FORMAT = dwarf;
				ENABLE_STRICT_OBJC_MSGSEND = YES;
				ENABLE_TESTABILITY = YES;
				GCC_C_LANGUAGE_STANDARD = gnu11;
				GCC_DYNAMIC_NO_PIC = NO;
				GCC_NO_COMMON_BLOCKS = YES;
				GCC_OPTIMIZATION_LEVEL = 0;
				GCC_PREPROCESSOR_DEFINITIONS = (
					"DEBUG=1",
					"$(inherited)",
				);
				GCC_WARN_64_TO_32_BIT_CONVERSION = YES;
				GCC_WARN_ABOUT_RETURN_TYPE = YES_ERROR;
				GCC_WARN_UNDECLARED_SELECTOR = YES;
				GCC_WARN_UNINITIALIZED_AUTOS = YES_AGGRESSIVE;
				GCC_WARN_UNUSED_FUNCTION = YES;
				GCC_WARN_UNUSED_VARIABLE = YES;
				MTL_ENABLE_DEBUG_INFO = INCLUDE_SOURCE;
				MTL_FAST_MATH = YES;
				ONLY_ACTIVE_ARCH = YES;
				SWIFT_ACTIVE_COMPILATION_CONDITIONS = DEBUG;
				SWIFT_OPTIMIZATION_LEVEL = "-Onone";
			};
			name = Debug;
		};
		ECD3ADF4295EFB180051647A /* Release */ = {
			isa = XCBuildConfiguration;
			buildSettings = {
				ALWAYS_SEARCH_USER_PATHS = NO;
				CLANG_ANALYZER_NONNULL = YES;
				CLANG_ANALYZER_NUMBER_OBJECT_CONVERSION = YES_AGGRESSIVE;
				CLANG_CXX_LANGUAGE_STANDARD = "gnu++20";
				CLANG_ENABLE_MODULES = YES;
				CLANG_ENABLE_OBJC_ARC = YES;
				CLANG_ENABLE_OBJC_WEAK = YES;
				CLANG_WARN_BLOCK_CAPTURE_AUTORELEASING = YES;
				CLANG_WARN_BOOL_CONVERSION = YES;
				CLANG_WARN_COMMA = YES;
				CLANG_WARN_CONSTANT_CONVERSION = YES;
				CLANG_WARN_DEPRECATED_OBJC_IMPLEMENTATIONS = YES;
				CLANG_WARN_DIRECT_OBJC_ISA_USAGE = YES_ERROR;
				CLANG_WARN_DOCUMENTATION_COMMENTS = YES;
				CLANG_WARN_EMPTY_BODY = YES;
				CLANG_WARN_ENUM_CONVERSION = YES;
				CLANG_WARN_INFINITE_RECURSION = YES;
				CLANG_WARN_INT_CONVERSION = YES;
				CLANG_WARN_NON_LITERAL_NULL_CONVERSION = YES;
				CLANG_WARN_OBJC_IMPLICIT_RETAIN_SELF = YES;
				CLANG_WARN_OBJC_LITERAL_CONVERSION = YES;
				CLANG_WARN_OBJC_ROOT_CLASS = YES_ERROR;
				CLANG_WARN_QUOTED_INCLUDE_IN_FRAMEWORK_HEADER = YES;
				CLANG_WARN_RANGE_LOOP_ANALYSIS = YES;
				CLANG_WARN_STRICT_PROTOTYPES = YES;
				CLANG_WARN_SUSPICIOUS_MOVE = YES;
				CLANG_WARN_UNGUARDED_AVAILABILITY = YES_AGGRESSIVE;
				CLANG_WARN_UNREACHABLE_CODE = YES;
				CLANG_WARN__DUPLICATE_METHOD_MATCH = YES;
				COPY_PHASE_STRIP = NO;
				DEBUG_INFORMATION_FORMAT = "dwarf-with-dsym";
				ENABLE_NS_ASSERTIONS = NO;
				ENABLE_STRICT_OBJC_MSGSEND = YES;
				GCC_C_LANGUAGE_STANDARD = gnu11;
				GCC_NO_COMMON_BLOCKS = YES;
				GCC_WARN_64_TO_32_BIT_CONVERSION = YES;
				GCC_WARN_ABOUT_RETURN_TYPE = YES_ERROR;
				GCC_WARN_UNDECLARED_SELECTOR = YES;
				GCC_WARN_UNINITIALIZED_AUTOS = YES_AGGRESSIVE;
				GCC_WARN_UNUSED_FUNCTION = YES;
				GCC_WARN_UNUSED_VARIABLE = YES;
				MTL_ENABLE_DEBUG_INFO = NO;
				MTL_FAST_MATH = YES;
				SWIFT_COMPILATION_MODE = wholemodule;
				SWIFT_OPTIMIZATION_LEVEL = "-O";
			};
			name = Release;
		};
		ECD3ADF6295EFB180051647A /* Debug */ = {
			isa = XCBuildConfiguration;
			buildSettings = {
				ASSETCATALOG_COMPILER_APPICON_NAME = AppIcon;
				ASSETCATALOG_COMPILER_GLOBAL_ACCENT_COLOR_NAME = AccentColor;
				CODE_SIGN_ENTITLEMENTS = BusinessList/Common/Base/BusinessList.entitlements;
				CODE_SIGN_STYLE = Automatic;
				CURRENT_PROJECT_VERSION = 1;
				DEVELOPMENT_ASSET_PATHS = "\"BusinessList/Preview Content\"";
				DEVELOPMENT_TEAM = 6M5M727687;
				ENABLE_HARDENED_RUNTIME = YES;
				ENABLE_PREVIEWS = YES;
				GENERATE_INFOPLIST_FILE = YES;
				"INFOPLIST_KEY_UIApplicationSceneManifest_Generation[sdk=iphoneos*]" = YES;
				"INFOPLIST_KEY_UIApplicationSceneManifest_Generation[sdk=iphonesimulator*]" = YES;
				"INFOPLIST_KEY_UIApplicationSupportsIndirectInputEvents[sdk=iphoneos*]" = YES;
				"INFOPLIST_KEY_UIApplicationSupportsIndirectInputEvents[sdk=iphonesimulator*]" = YES;
				"INFOPLIST_KEY_UILaunchScreen_Generation[sdk=iphoneos*]" = YES;
				"INFOPLIST_KEY_UILaunchScreen_Generation[sdk=iphonesimulator*]" = YES;
				"INFOPLIST_KEY_UIStatusBarStyle[sdk=iphoneos*]" = UIStatusBarStyleDefault;
				"INFOPLIST_KEY_UIStatusBarStyle[sdk=iphonesimulator*]" = UIStatusBarStyleDefault;
				INFOPLIST_KEY_UISupportedInterfaceOrientations = UIInterfaceOrientationPortrait;
				INFOPLIST_KEY_UISupportedInterfaceOrientations_iPad = "UIInterfaceOrientationLandscapeLeft UIInterfaceOrientationLandscapeRight UIInterfaceOrientationPortrait UIInterfaceOrientationPortraitUpsideDown";
				IPHONEOS_DEPLOYMENT_TARGET = 16.0;
				LD_RUNPATH_SEARCH_PATHS = "@executable_path/Frameworks";
				"LD_RUNPATH_SEARCH_PATHS[sdk=macosx*]" = "@executable_path/../Frameworks";
				MACOSX_DEPLOYMENT_TARGET = 12.3;
				MARKETING_VERSION = 1.0;
				PRODUCT_BUNDLE_IDENTIFIER = com.challenge.BusinessList;
				PRODUCT_NAME = "$(TARGET_NAME)";
				SDKROOT = auto;
				SUPPORTED_PLATFORMS = "iphoneos iphonesimulator";
				SUPPORTS_MACCATALYST = NO;
				SUPPORTS_MAC_DESIGNED_FOR_IPHONE_IPAD = NO;
				SWIFT_EMIT_LOC_STRINGS = YES;
				SWIFT_VERSION = 5.0;
				TARGETED_DEVICE_FAMILY = "1,2";
			};
			name = Debug;
		};
		ECD3ADF7295EFB180051647A /* Release */ = {
			isa = XCBuildConfiguration;
			buildSettings = {
				ASSETCATALOG_COMPILER_APPICON_NAME = AppIcon;
				ASSETCATALOG_COMPILER_GLOBAL_ACCENT_COLOR_NAME = AccentColor;
				CODE_SIGN_ENTITLEMENTS = BusinessList/Common/Base/BusinessList.entitlements;
				CODE_SIGN_STYLE = Automatic;
				CURRENT_PROJECT_VERSION = 1;
				DEVELOPMENT_ASSET_PATHS = "\"BusinessList/Preview Content\"";
				DEVELOPMENT_TEAM = 6M5M727687;
				ENABLE_HARDENED_RUNTIME = YES;
				ENABLE_PREVIEWS = YES;
				GENERATE_INFOPLIST_FILE = YES;
				"INFOPLIST_KEY_UIApplicationSceneManifest_Generation[sdk=iphoneos*]" = YES;
				"INFOPLIST_KEY_UIApplicationSceneManifest_Generation[sdk=iphonesimulator*]" = YES;
				"INFOPLIST_KEY_UIApplicationSupportsIndirectInputEvents[sdk=iphoneos*]" = YES;
				"INFOPLIST_KEY_UIApplicationSupportsIndirectInputEvents[sdk=iphonesimulator*]" = YES;
				"INFOPLIST_KEY_UILaunchScreen_Generation[sdk=iphoneos*]" = YES;
				"INFOPLIST_KEY_UILaunchScreen_Generation[sdk=iphonesimulator*]" = YES;
				"INFOPLIST_KEY_UIStatusBarStyle[sdk=iphoneos*]" = UIStatusBarStyleDefault;
				"INFOPLIST_KEY_UIStatusBarStyle[sdk=iphonesimulator*]" = UIStatusBarStyleDefault;
				INFOPLIST_KEY_UISupportedInterfaceOrientations = UIInterfaceOrientationPortrait;
				INFOPLIST_KEY_UISupportedInterfaceOrientations_iPad = "UIInterfaceOrientationLandscapeLeft UIInterfaceOrientationLandscapeRight UIInterfaceOrientationPortrait UIInterfaceOrientationPortraitUpsideDown";
				IPHONEOS_DEPLOYMENT_TARGET = 16.0;
				LD_RUNPATH_SEARCH_PATHS = "@executable_path/Frameworks";
				"LD_RUNPATH_SEARCH_PATHS[sdk=macosx*]" = "@executable_path/../Frameworks";
				MACOSX_DEPLOYMENT_TARGET = 12.3;
				MARKETING_VERSION = 1.0;
				PRODUCT_BUNDLE_IDENTIFIER = com.challenge.BusinessList;
				PRODUCT_NAME = "$(TARGET_NAME)";
				SDKROOT = auto;
				SUPPORTED_PLATFORMS = "iphoneos iphonesimulator";
				SUPPORTS_MACCATALYST = NO;
				SUPPORTS_MAC_DESIGNED_FOR_IPHONE_IPAD = NO;
				SWIFT_EMIT_LOC_STRINGS = YES;
				SWIFT_VERSION = 5.0;
				TARGETED_DEVICE_FAMILY = "1,2";
			};
			name = Release;
		};
		ECEFDE5E2967582D007507CA /* Debug */ = {
			isa = XCBuildConfiguration;
			buildSettings = {
				BUNDLE_LOADER = "$(TEST_HOST)";
				CODE_SIGN_STYLE = Automatic;
				CURRENT_PROJECT_VERSION = 1;
				DEVELOPMENT_TEAM = 6M5M727687;
				GENERATE_INFOPLIST_FILE = YES;
				IPHONEOS_DEPLOYMENT_TARGET = 16.0;
				MACOSX_DEPLOYMENT_TARGET = 12.3;
				MARKETING_VERSION = 1.0;
				PRODUCT_BUNDLE_IDENTIFIER = com.challenge.SearchViewModelTests;
				PRODUCT_NAME = "$(TARGET_NAME)";
				SDKROOT = auto;
				SUPPORTED_PLATFORMS = "iphoneos iphonesimulator macosx";
				SWIFT_EMIT_LOC_STRINGS = NO;
				SWIFT_VERSION = 5.0;
				TARGETED_DEVICE_FAMILY = "1,2";
				TEST_HOST = "$(BUILT_PRODUCTS_DIR)/BusinessList.app/$(BUNDLE_EXECUTABLE_FOLDER_PATH)/BusinessList";
			};
			name = Debug;
		};
		ECEFDE5F2967582D007507CA /* Release */ = {
			isa = XCBuildConfiguration;
			buildSettings = {
				BUNDLE_LOADER = "$(TEST_HOST)";
				CODE_SIGN_STYLE = Automatic;
				CURRENT_PROJECT_VERSION = 1;
				DEVELOPMENT_TEAM = 6M5M727687;
				GENERATE_INFOPLIST_FILE = YES;
				IPHONEOS_DEPLOYMENT_TARGET = 16.0;
				MACOSX_DEPLOYMENT_TARGET = 12.3;
				MARKETING_VERSION = 1.0;
				PRODUCT_BUNDLE_IDENTIFIER = com.challenge.SearchViewModelTests;
				PRODUCT_NAME = "$(TARGET_NAME)";
				SDKROOT = auto;
				SUPPORTED_PLATFORMS = "iphoneos iphonesimulator macosx";
				SWIFT_EMIT_LOC_STRINGS = NO;
				SWIFT_VERSION = 5.0;
				TARGETED_DEVICE_FAMILY = "1,2";
				TEST_HOST = "$(BUILT_PRODUCTS_DIR)/BusinessList.app/$(BUNDLE_EXECUTABLE_FOLDER_PATH)/BusinessList";
			};
			name = Release;
		};
/* End XCBuildConfiguration section */

/* Begin XCConfigurationList section */
		ECD3ADE1295EFB150051647A /* Build configuration list for PBXProject "BusinessList" */ = {
			isa = XCConfigurationList;
			buildConfigurations = (
				ECD3ADF3295EFB180051647A /* Debug */,
				ECD3ADF4295EFB180051647A /* Release */,
			);
			defaultConfigurationIsVisible = 0;
			defaultConfigurationName = Release;
		};
		ECD3ADF5295EFB180051647A /* Build configuration list for PBXNativeTarget "BusinessList" */ = {
			isa = XCConfigurationList;
			buildConfigurations = (
				ECD3ADF6295EFB180051647A /* Debug */,
				ECD3ADF7295EFB180051647A /* Release */,
			);
			defaultConfigurationIsVisible = 0;
			defaultConfigurationName = Release;
		};
		ECEFDE5D2967582D007507CA /* Build configuration list for PBXNativeTarget "BusinessListTests" */ = {
			isa = XCConfigurationList;
			buildConfigurations = (
				ECEFDE5E2967582D007507CA /* Debug */,
				ECEFDE5F2967582D007507CA /* Release */,
			);
			defaultConfigurationIsVisible = 0;
			defaultConfigurationName = Release;
		};
/* End XCConfigurationList section */

/* Begin XCSwiftPackageProductDependency section */
		ECEFDE4F296422A1007507CA /* BusinessListDesignSystem */ = {
			isa = XCSwiftPackageProductDependency;
			productName = BusinessListDesignSystem;
		};
		ECEFDE5129652443007507CA /* BusinessListData */ = {
			isa = XCSwiftPackageProductDependency;
			productName = BusinessListData;
		};
/* End XCSwiftPackageProductDependency section */
	};
	rootObject = ECD3ADDE295EFB150051647A /* Project object */;
}
